
Microsoft Visual Studio Solution File, Format Version 12.00
# Visual Studio 15
VisualStudioVersion = 15.0.28307.539
MinimumVisualStudioVersion = 10.0.40219.1
Project("{FAE04EC0-301F-11D3-BF4B-00C04F79EFBC}") = "GosyAISD", "GosyAISD\GosyAISD.csproj", "{70C18CA6-D24A-4958-9491-441EBCAF710B}"
EndProject
Global
	GlobalSection(SolutionConfigurationPlatforms) = preSolution
		Debug|Any CPU = Debug|Any CPU
		Release|Any CPU = Release|Any CPU
	EndGlobalSection
	GlobalSection(ProjectConfigurationPlatforms) = postSolution
		{70C18CA6-D24A-4958-9491-441EBCAF710B}.Debug|Any CPU.ActiveCfg = Debug|Any CPU
		{70C18CA6-D24A-4958-9491-441EBCAF710B}.Debug|Any CPU.Build.0 = Debug|Any CPU
		{70C18CA6-D24A-4958-9491-441EBCAF710B}.Release|Any CPU.ActiveCfg = Release|Any CPU
		{70C18CA6-D24A-4958-9491-441EBCAF710B}.Release|Any CPU.Build.0 = Release|Any CPU
	EndGlobalSection
	GlobalSection(SolutionProperties) = preSolution
		HideSolutionNode = FALSE
	EndGlobalSection
	GlobalSection(ExtensibilityGlobals) = postSolution
		SolutionGuid = {3DD0324C-2A06-4A38-B36B-C028BD6FB133}
	EndGlobalSection
EndGlobal
